{
  "name": "@codegen-hexa/marimo-container",
  "version": "1.0.0",
  "lockfileVersion": 3,
  "requires": true,
  "packages": {
    "": {
      "name": "@codegen-hexa/marimo-container",
      "version": "1.0.0",
      "dependencies": {
        "@cloudflare/containers": "^0.0.26"
      },
      "devDependencies": {
        "@cloudflare/workers-types": "^4.20250816.0",
        "typescript": "~5.7.2",
        "wrangler": "^4.30.0"
      }
    },
    "../../node_modules/.pnpm/@cloudflare+workers-types@4.20250819.0/node_modules/@cloudflare/workers-types": {
      "version": "4.20250819.0",
      "dev": true,
      "license": "MIT OR Apache-2.0"
    },
    "../../node_modules/.pnpm/typescript@5.7.3/node_modules/typescript": {
      "version": "5.7.3",
      "dev": true,
      "license": "Apache-2.0",
      "bin": {
        "tsc": "bin/tsc",
        "tsserver": "bin/tsserver"
      },
      "devDependencies": {
        "@dprint/formatter": "^0.4.1",
        "@dprint/typescript": "0.93.0",
        "@esfx/canceltoken": "^1.0.0",
        "@eslint/js": "^9.11.1",
        "@octokit/rest": "^21.0.2",
        "@types/chai": "^4.3.20",
        "@types/diff": "^5.2.2",
        "@types/minimist": "^1.2.5",
        "@types/mocha": "^10.0.8",
        "@types/ms": "^0.7.34",
        "@types/node": "latest",
        "@types/source-map-support": "^0.5.10",
        "@types/which": "^3.0.4",
        "@typescript-eslint/rule-tester": "^8.8.0",
        "@typescript-eslint/type-utils": "^8.8.0",
        "@typescript-eslint/utils": "^8.8.0",
        "azure-devops-node-api": "^14.1.0",
        "c8": "^10.1.2",
        "chai": "^4.5.0",
        "chalk": "^4.1.2",
        "chokidar": "^3.6.0",
        "diff": "^5.2.0",
        "dprint": "^0.47.2",
        "esbuild": "^0.24.0",
        "eslint": "^9.11.1",
        "eslint-formatter-autolinkable-stylish": "^1.4.0",
        "eslint-plugin-regexp": "^2.6.0",
        "fast-xml-parser": "^4.5.0",
        "glob": "^10.4.5",
        "globals": "^15.9.0",
        "hereby": "^1.10.0",
        "jsonc-parser": "^3.3.1",
        "knip": "^5.30.6",
        "minimist": "^1.2.8",
        "mocha": "^10.7.3",
        "mocha-fivemat-progress-reporter": "^0.1.0",
        "monocart-coverage-reports": "^2.11.0",
        "ms": "^2.1.3",
        "playwright": "^1.47.2",
        "source-map-support": "^0.5.21",
        "tslib": "^2.7.0",
        "typescript": "^5.6.2",
        "typescript-eslint": "^8.8.0",
        "which": "^3.0.1"
      },
      "engines": {
        "node": ">=14.17"
      }
    },
    "../../node_modules/.pnpm/wrangler@4.31.0_@cloudflare+workers-types@4.20250819.0/node_modules/wrangler": {
      "version": "4.31.0",
      "dev": true,
      "license": "MIT OR Apache-2.0",
      "dependencies": {
        "@cloudflare/kv-asset-handler": "0.4.0",
        "@cloudflare/unenv-preset": "2.6.2",
        "blake3-wasm": "2.1.5",
        "esbuild": "0.25.4",
        "miniflare": "4.20250816.0",
        "path-to-regexp": "6.3.0",
        "unenv": "2.0.0-rc.19",
        "workerd": "1.20250816.0"
      },
      "bin": {
        "wrangler": "bin/wrangler.js",
        "wrangler2": "bin/wrangler.js"
      },
      "devDependencies": {
        "@aws-sdk/client-s3": "^3.721.0",
        "@cloudflare/cli": "1.1.1",
        "@cloudflare/containers-shared": "0.2.10",
        "@cloudflare/eslint-config-worker": "1.1.0",
        "@cloudflare/jsrpc": "link:../../vendor/jsrpc",
        "@cloudflare/pages-shared": "^0.13.64",
        "@cloudflare/types": "6.18.4",
        "@cloudflare/workers-shared": "0.18.5",
        "@cloudflare/workers-tsconfig": "0.0.0",
        "@cloudflare/workers-types": "^4.20250816.0",
        "@cspotcode/source-map-support": "0.8.1",
        "@iarna/toml": "^3.0.0",
        "@sentry/node": "^7.86.0",
        "@sentry/types": "^7.86.0",
        "@sentry/utils": "^7.86.0",
        "@types/command-exists": "^1.2.0",
        "@types/glob-to-regexp": "^0.4.1",
        "@types/is-ci": "^3.0.0",
        "@types/javascript-time-ago": "^2.0.3",
        "@types/mime": "^3.0.4",
        "@types/minimatch": "^5.1.2",
        "@types/node": "^20.19.9",
        "@types/node-forge": "^1.3.11",
        "@types/prompts": "^2.0.14",
        "@types/resolve": "^1.20.6",
        "@types/shell-quote": "^1.7.2",
        "@types/signal-exit": "^3.0.1",
        "@types/supports-color": "^8.1.1",
        "@types/ws": "^8.5.7",
        "@types/yargs": "^17.0.22",
        "@vitest/ui": "~3.2.0",
        "@webcontainer/env": "^1.1.0",
        "chalk": "^5.2.0",
        "chokidar": "^4.0.1",
        "cli-table3": "^0.6.3",
        "cmd-shim": "^4.1.0",
        "command-exists": "^1.2.9",
        "concurrently": "^8.2.2",
        "date-fns": "^4.1.0",
        "devtools-protocol": "^0.0.1182435",
        "dotenv": "^16.3.1",
        "dotenv-expand": "^12.0.2",
        "execa": "^6.1.0",
        "find-up": "^6.3.0",
        "get-port": "^7.0.0",
        "glob-to-regexp": "^0.4.1",
        "https-proxy-agent": "7.0.2",
        "is-ci": "^3.0.1",
        "itty-time": "^1.0.6",
        "javascript-time-ago": "^2.5.4",
        "md5-file": "5.0.0",
        "mime": "^3.0.0",
        "minimatch": "^5.1.0",
        "mock-socket": "^9.3.1",
        "msw": "2.4.3",
        "node-forge": "^1.3.1",
        "open": "^8.4.0",
        "p-queue": "^7.2.0",
        "patch-console": "^1.0.0",
        "pretty-bytes": "^6.0.0",
        "prompts": "^2.4.2",
        "resolve": "^1.22.8",
        "rimraf": "^6.0.1",
        "selfsigned": "^2.0.1",
        "semiver": "^1.1.0",
        "shell-quote": "^1.8.1",
        "signal-exit": "^3.0.7",
        "source-map": "^0.6.1",
        "strip-ansi": "^7.1.0",
        "supports-color": "^9.2.2",
        "timeago.js": "^4.0.2",
        "ts-dedent": "^2.2.0",
        "ts-json-schema-generator": "^1.5.0",
        "tsup": "8.3.0",
        "typescript": "^5.8.3",
        "undici": "^7.10.0",
        "update-check": "^1.5.4",
        "vitest": "~3.2.0",
        "vitest-websocket-mock": "^0.4.0",
        "ws": "8.18.0",
        "xdg-app-paths": "^8.3.0",
        "xxhash-wasm": "^1.0.1",
        "yargs": "^17.7.2"
      },
      "engines": {
        "node": ">=18.0.0"
      },
      "optionalDependencies": {
        "fsevents": "~2.3.2"
      },
      "peerDependencies": {
        "@cloudflare/workers-types": "^4.20250816.0"
      },
      "peerDependenciesMeta": {
        "@cloudflare/workers-types": {
          "optional": true
        }
      }
    },
    "node_modules/@cloudflare/containers": {
      "version": "0.0.26",
      "resolved": "https://registry.npmjs.org/@cloudflare/containers/-/containers-0.0.26.tgz",
      "integrity": "sha512-5uO/bcGOKtsBpVd+H7XUy7eN414OVMpMpyHlB/aFLTsvqKOX18l8F4bw1NCuyE/cV1ZAA44jEjL6LbcO6RpyLQ==",
      "license": "ISC"
    },
    "node_modules/@cloudflare/workers-types": {
      "resolved": "../../node_modules/.pnpm/@cloudflare+workers-types@4.20250819.0/node_modules/@cloudflare/workers-types",
      "link": true
    },
    "node_modules/typescript": {
      "resolved": "../../node_modules/.pnpm/typescript@5.7.3/node_modules/typescript",
      "link": true
    },
    "node_modules/wrangler": {
      "resolved": "../../node_modules/.pnpm/wrangler@4.31.0_@cloudflare+workers-types@4.20250819.0/node_modules/wrangler",
      "link": true
    }
  }
}
